ewogICJuYW1lIjogImVuZG9yLWRpYWdub3N0aWNvIiwKICAidmVyc2lvbiI6ICIwLjEuMCIsCiAgImxvY2tmaWxlVmVyc2lvbiI6IDMsCiAgInJlcXVpcmVzIjogdHJ1ZSwKICAicGFja2FnZXMiOiB7CiAgICAiIjogewogICAgICAibmFtZSI6ICJlbmRvci1kaWFnbm9zdGljbyIsCiAgICAgICJ2ZXJzaW9uIjogIjAuMS4wIiwKICAgICAgImRlcGVuZGVuY2llcyI6IHsKICAgICAgICAiQHN1cGFiYXNlL3N1cGFiYXNlLWpzIjogIl4yLjQ5LjgiLAogICAgICAgICJuZXh0IjogIl4xNS41LjIiLAogICAgICAgICJvcGVuYWkiOiAiXjQuMTA0LjAiLAogICAgICAgICJyZWFjdCI6ICJeMTkuMS4wIiwKICAgICAgICAicmVhY3QtZG9tIjogIl4xOS4xLjAiLAogICAgICAgICJ6b2QiOiAiXjMuMjQuMiIKICAgICAgfSwKICAgICAgImRldkRlcGVuZGVuY2llcyI6IHsKICAgICAgICAiQHRhaWx3aW5kY3NzL3Bvc3Rjc3MiOiAiXjQuMS4xMSIsCiAgICAgICAgIkB0eXBlcy9ub2RlIjogIl4yMi4xMy4xMCIsCiAgICAgICAgIkB0eXBlcy9yZWFjdCI6ICJeMTkuMC4xMiIsCiAgICAgICAgIkB0eXBlcy9yZWFjdC1kb20iOiAiXjE5LjAuNCIsCiAgICAgICAgInRhaWx3aW5kY3NzIjogIl40LjEuMTEiLAogICAgICAgICJ0eXBlc2NyaXB0IjogIl41LjguMiIKICAgICAgfQogICAgfSwKICAgICJub2RlX21vZHVsZXMvQGFsbG9jL3F1aWNrLWxydSI6IHsKICAgICAgInZlcnNpb24iOiAiNS4zLjAiLAogICAgICAicmVzb2x2ZWQiOiAiaHR0cHM6Ly9yZWdpc3RyeS5ucG1qcy5vcmcvQGFsbG9jL3F1aWNrLWxydS8tL3F1aWNrLWxydS01LjMuMC50Z3oiLAogICAgICAiaW50ZWdyaXR5IjogInNoYTUxMi1VNCs3MFBjNVpTOW9zbkNCQ0U1SmhhL2NpSE0rWXArQ05NTkMvN0h2WWJOUmsxTGRkK2Y3cU82NVc1cWZodS9UQ3YrL296bGpsWFhlOU5qODQxOURNQT09IiwKICAgICAgImRldiI6IHRydWUsCiAgICAgICJlbmdpbmVzIjogewogICAgICAgICJub2RlIjogIj49MTAiCiAgICAgIH0sCiAgICAgICJmdW5kaW5nIjogewogICAgICAgICJ1cmwiOiAiaHR0cHM6Ly9naXRodWIuY29tL3Nwb25zb3JzL3NpbmRyZXNvcmh1cyIKICAgICAgfQogICAgfSwKICAgICJub2RlX21vZHVsZXMvQGVtbmFwaS9ydW50aW1lIjogewogICAgICAidmVyc2lvbiI6ICIxLjExLjMiLAogICAgICAicmVzb2x2ZWQiOiAiaHR0cHM6Ly9yZWdpc3RyeS5ucG1qcy5vcmcvQGVtbmFwaS9ydW50aW1lLy0vcnVudGltZS0xLjExLjMudGd6IiwKICAgICAgImludGVncml0eSI6ICJzaGE1MTItWHo0VHB5a2k3WHlycGJVSzFqUjFBaGRBZGFYeWhoWTRsWjNuZUxvZG1ocHVXZnkyUEFRTjVCNDZzQWlVNGxpT1hHTGtIeXBuL3FVK2p2ZldTQ1lZTEE9PSIsCiAgICAgICJvcHRpb25hbCI6IHRydWUsCiAgICAgICJkZXBlbmRlbmNpZXMiOiB7CiAgICAgICAgInRzbGliIjogIl4yLjQuMCIKICAgICAgfQogICAgfSwKICAgICJub2RlX21vZHVsZXMvQGltZy9jb2xvdXIiOiB7CiAgICAgICJ2ZXJzaW9uIjogIjEuMS4wIiwKICAgICAgInJlc29sdmVkIjogImh0dHBzOi8vcmVnaXN0cnkubnBtanMub3JnL0BpbWcvY29sb3VyLy0vY29sb3VyLTEuMS4wLnRneiIsCiAgICAgICJpbnRlZ3JpdHkiOiAic2hhNTEyLVRkNzZxN2o1N28vdExWZGdTNzQ2Y1lBUmZTeXhrOGlFZlJ4ZXdMOWg0T016WWhiVzRUQWNwcGwwbVQ0ZXlxWGRkaDZML2p3b003NW1vN2l4YS9wQ2VRPT0iLAogICAgICAib3B0aW9uYWwiOiB0cnVlLAogICAgICAiZW5naW5lcyI6IHsKICAgICAgICAibm9kZSI6ICI+PTE4IgogICAgICB9CiAgICB9LAogICAgIm5vZGVfbW9kdWxlcy9AaW1nL3NoYXJwLWRhcndpbi1hcm02NCI6IHsKICAgICAgInZlcnNpb24iOiAiMC4zNS41IiwKICAgICAgInJlc29sdmVkIjogImh0dHBzOi8vcmVnaXN0cnkubnBtanMub3JnL0BpbWcvc2hhcnAtZGFyd2luLWFybTY0Ly0vc2hhcnAtZGFyd2luLWFybTY0LTAuMzUuNS50Z3oiLAogICAgICAiaW50ZWdyaXR5IjogInNoYTUxMi1RUlVsRlEwV3h2ZFd5cXFHL1d0STNpdXBmRDVyQnptQ0hYU2RQc1k5MXNBdFZ0VG83UTRjYjZ6T2NjWjNncUVxa3IwZjFBczFlaExxbUVwRHNSZitsZz09IiwKICAgICAgImNwdSI6IFsKICAgICAgICAiYXJtNjQiCiAgICAgIF0sCiAgICAgICJvcHRpb25hbCI6IHRydWUsCiAgICAgICJvcyI6IFsKICAgICAgICAiZGFyd2luIgogICAgICBdLAogICAgICAiZW5naW5lcyI6IHsKICAgICAgICAibm9kZSI6ICI+PTIwLjkuMCIKICAgICAgfSwKICAgICAgImZ1bmRpbmciOiB7CiAgICAgICAgInVybCI6ICJodHRwczovL29wZW5jb2xsZWN0aXZlLmNvbS9saWJ2aXBzIgogICAgICB9LAogICAgICAib3B0aW9uYWxEZXBlbmRlbmNpZXMiOiB7CiAgICAgICAgIkBpbWcvc2hhcnAtbGlidmlwcy1kYXJ3aW4tYXJtNjQiOiAiMS4zLjQiCiAgICAgIH0KICAgIH0sCiAgICAibm9kZV9tb2R1bGVzL0BpbWcvc2hhcnAtZGFyd2luLXg2NCI6IHsKICAgICAgInZlcnNpb24iOiAiMC4zNS41IiwKICAgICAgInJlc29sdmVkIjogImh0dHBzOi8vcmVnaXN0cnkubnBtanMub3JnL0BpbWcvc2hhcnAtZGFyd2luLXg2NC8tL3NoYXJwLWRhcndpbi14NjQtMC4zNS41LnRneiIsCiAgICAgICJpbnRlZ3JpdHkiOiAic2hhNTEyLStCUjI1NVJoRGxweWdVcE9jL0pkdDFuVDZEUTNYRy9FUm81d2JjZE9mNVEzMjBkS3RQQ0tQTFIxTEpzOVZHWFJhTWE4bDF1VWEwdGtDTk9YaUF4WlV3PT0iLAogICAgICAiY3B1IjogWwogICAgICAgICJ4NjQiCiAgICAgIF0sCiAgICAgICJvcHRpb25hbCI6IHRydWUsCiAgICAgICJvcyI6IFsKICAgICAgICAiZGFyd2luIgogICAgICBdLAogICAgICAiZW5naW5lcyI6IHsKICAgICAgICAibm9kZSI6ICI+PTIwLjkuMCIKICAgICAgfSwKICAgICAgImZ1bmRpbmciOiB7CiAgICAgICAgInVybCI6ICJodHRwczovL29wZW5jb2xsZWN0aXZlLmNvbS9saWJ2aXBzIgogICAgICB9LAogICAgICAib3B0aW9uYWxEZXBlbmRlbmNpZXMiOiB7CiAgICAgICAgIkBpbWcvc2hhcnAtbGlidmlwcy1kYXJ3aW4teDY0IjogIjEuMy40IgogICAgICB9CiAgICB9LAogICAgIm5vZGVfbW9kdWxlcy9AaW1nL3NoYXJwLWZyZWVic2Qtd2FzbTMyIjogewogICAgICAidmVyc2lvbiI6ICIwLjM1LjUiLAogICAgICAicmVzb2x2ZWQiOiAiaHR0cHM6Ly9yZWdpc3RyeS5ucG1qcy5vcmcvQGltZy9zaGFycC1mcmVlYnNkLXdhc20zMi8tL3NoYXJwLWZyZWVic2Qtd2FzbTMyLTAuMzUuNS50Z3oiLAogICAgICAiaW50ZWdyaXR5IjogInNoYTUxMi1ZL3o5MW5FWjR1SUJYNVgzbmZUb3ZqVTlsSE5LRlliTDJscEhDTFZObVhRSzAzVkladlhCQnQwS3hiUEdwMlNkR1NGKzJtUVU0ZStoUWFXT3Q4NmlBdz09IiwKICAgICAgIm9wdGlvbmFsIjogdHJ1ZSwKICAgICAgIm9zIjogWwogICAgICAgICJmcmVlYnNkIgogICAgICBdLAogICAgICAiZGVwZW5kZW5jaWVzIjogewogICAgICAgICJAaW1nL3NoYXJwLXdhc20zMiI6ICIwLjM1LjUiCiAgICAgIH0sCiAgICAgICJlbmdpbmVzIjogewogICAgICAgICJub2RlIjogIj49MjAuOS4wIgogICAgICB9LAogICAgICAiZnVuZGluZyI6IHsKICAgICAgICAidXJsIjogImh0dHBzOi8vb3BlbmNvbGxlY3RpdmUuY29tL2xpYnZpcHMiCiAgICAgIH0KICAgIH0sCiAgICAibm9kZV9tb2R1bGVzL0BpbWcvc2hhcnAtbGlidmlwcy1kYXJ3aW4tYXJtNjQiOiB7CiAgICAgICJ2ZXJzaW9uIjogIjEuMy40IiwKICAgICAgInJlc29sdmVkIjogImh0dHBzOi8vcmVnaXN0cnkubnBtanMub3JnL0BpbWcvc2hhcnAtbGlidmlwcy1kYXJ3aW4tYXJtNjQvLS9zaGFycC1saWJ2aXBzLWRhcndpbi1hcm02NC0xLjMuNC50Z3oiLAogICAgICAiaW50ZWdyaXR5IjogInNoYTUxMi01Ujg5bkJZaVJkVWxTV0p4UGhPK0dWdGFYelhTeEtuUnUveHFNbjNLVEEzTDlFQjlPeS9QK05uMmYydmxoUHVVZHkvWnVzYjJEYXJieVRwR0NmRUR1dz09IiwKICAgICAgImNwdSI6IFsKICAgICAgICAiYXJtNjQiCiAgICAgIF0sCiAgICAgICJvcHRpb25hbCI6IHRydWUsCiAgICAgICJvcyI6IFsKICAgICAgICAiZGFyd2luIgogICAgICBdLAogICAgICAiZnVuZGluZyI6IHsKICAgICAgICAidXJsIjogImh0dHBzOi8vb3BlbmNvbGxlY3RpdmUuY29tL2xpYnZpcHMiCiAgICAgIH0KICAgIH0sCiAgICAibm9kZV9tb2R1bGVzL0BpbWcvc2hhcnAtbGlidmlwcy1kYXJ3aW4teDY0IjogewogICAgICAidmVyc2lvbiI6ICIxLjMuNCIsCiAgICAgICJyZXNvbHZlZCI6ICJodHRwczovL3JlZ2lzdHJ5Lm5wbWpzLm9yZy9AaW1nL3NoYXJwLWxpYnZpcHMtZGFyd2luLXg2NC8tL3NoYXJwLWxpYnZpcHMtZGFyd2luLXg2NC0xLjMuNC50Z3oiLAogICAgICAiaW50ZWdyaXR5IjogInNoYTUxMi1pUjJPS0g4MHlpMFUrZFVwbHloMy94ZHBGdnBzNllrQ3dzWGVuSUp4cXhSMXY5byt4dEtUR2JTOUg3Y3BzKzJWeGpjOEIxajk2cDc1Tm1UR2pJaHRwUT09IiwKICAgICAgImNwdSI6IFsKICAgICAgICAieDY0IgogICAgICBdLAogICAgICAib3B0aW9uYWwiOiB0cnVlLAogICAgICAib3MiOiBbCiAgICAgICAgImRhcndpbiIKICAgICAgXSwKICAgICAgImZ1bmRpbmciOiB7CiAgICAgICAgInVybCI6ICJodHRwczovL29wZW5jb2xsZWN0aXZlLmNvbS9saWJ2aXBzIgogICAgICB9CiAgICB9LAogICAgIm5vZGVfbW9kdWxlcy9AaW1nL3NoYXJwLWxpYnZpcHMtbGludXgtYXJtIjogewogICAgICAidmVyc2lvbiI6ICIxLjMuNCIsCiAgICAgICJyZXNvbHZlZCI6ICJodHRwczovL3JlZ2lzdHJ5Lm5wbWpzLm9yZy9AaW1nL3NoYXJwLWxpYnZpcHMtbGludXgtYXJtLy0vc2hhcnAtbGlidmlwcy1saW51eC1hcm0tMS4zLjQudGd6IiwKICAgICAgImludGVncml0eSI6ICJzaGE1MTItTG1SdFRzT0h1dk0yK3dsTzJEYjM3ZHg1TWlaaEIwRnZTdW5jaXc0OFlqZE9rWno5S0FpUmJtOHVqZU1PQTFJTnFtZWk1TmFwRnhZRUsxRDFaU2lkbXc9PSIsCiAgICAgICJjcHUiOiBbCiAgICAgICAgImFybSIKICAgICAgXSwKICAgICAgIm9wdGlvbmFsIjogdHJ1ZSwKICAgICAgIm9zIjogWwogICAgICAgICJsaW51eCIKICAgICAgXSwKICAgICAgImZ1bmRpbmciOiB7CiAgICAgICAgInVybCI6ICJodHRwczovL29wZW5jb2xsZWN0aXZlLmNvbS9saWJ2aXBzIgogICAgICB9CiAgICB9LAogICAgIm5vZGVfbW9kdWxlcy9AaW1nL3NoYXJwLWxpYnZpcHMtbGludXgtYXJtNjQiOiB7CiAgICAgICJ2ZXJzaW9uIjogIjEuMy40IiwKICAgICAgInJlc29sdmVkIjogImh0dHBzOi8vcmVnaXN0cnkubnBtanMub3JnL0BpbWcvc2hhcnAtbGlidmlwcy1saW51eC1hcm02NC8tL3NoYXJwLWxpYnZpcHMtbGludXgtYXJtNjQtMS4zLjQudGd6IiwKICAgICAgImludGVncml0eSI6ICJzaGE1MTItWTNkZ1gvNmxFMlFoUWIrR3h5MFdaeGZnOU1FbS9KQmphbVpwUzJJa2xQN3hJUW9LTjRoekFtN0tjTVZHdGFWRHQzbmVFOU9LQkM3dkFmb25BL0xyMUE9PSIsCiAgICAgICJjcHUiOiBbCiAgICAgICAgImFybTY0IgogICAgICBdLAogICAgICAib3B0aW9uYWwiOiB0cnVlLAogICAgICAib3MiOiBbCiAgICAgICAgImxpbnV4IgogICAgICBdLAogICAgICAiZnVuZGluZyI6IHsKICAgICAgICAidXJsIjogImh0dHBzOi8vb3BlbmNvbGxlY3RpdmUuY29tL2xpYnZpcHMiCiAgICAgIH0KICAgIH0sCiAgICAibm9kZV9tb2R1bGVzL0BpbWcvc2hhcnAtbGlidmlwcy1saW51eC1wcGM2NCI6IHsKICAgICAgInZlcnNpb24iOiAiMS4zLjQiLAogICAgICAicmVzb2x2ZWQiOiAiaHR0cHM6Ly9yZWdpc3RyeS5ucG1qcy5vcmcvQGltZy9zaGFycC1saWJ2aXBzLWxpbnV4LXBwYzY0Ly0vc2hhcnAtbGlidmlwcy1saW51eC1wcGM2NC0xLjMuNC50Z3oiLAogICAgICAiaW50ZWdyaXR5IjogInNoYTUxMi1MZTZib0I4VGFpME5pcytnSXhJcEt4NjhVRFZWSXFkUjhUaW41WWYxejJMSkpRTERKdkNEUnFSdStqQzJxQ29EK2VJb21vbm1Pd0I0c21CUnhmVnBZUT09IiwKICAgICAgImNwdSI6IFsKICAgICAgICAicHBjNjQiCiAgICAgIF0sCiAgICAgICJvcHRpb25hbCI6IHRydWUsCiAgICAgICJvcyI6IFsKICAgICAgICAibGludXgiCiAgICAgIF0sCiAgICAgICJmdW5kaW5nIjogewogICAgICAgICJ1cmwiOiAiaHR0cHM6Ly9vcGVuY29sbGVjdGl2ZS5jb20vbGlidmlwcyIKICAgICAgfQogICAgfSwKICAgICJub2RlX21vZHVsZXMvQGltZy9zaGFycC1saW51eC1yaXNjcDY0IjogewogICAgICAidmVyc2lvbiI6ICIxLjMuNCIsCiAgICAgICJyZXNvbHZlZCI6ICJodHRwczovL3JlZ2lzdHJ5Lm5wbWpzLm9yZy9AaW1nL3NoYXJwLWxpYnZpcHMtbGludXgtcmlzY3Y2NC8tL3NoYXJwLWxpYnZpcHMtbGludXgtcmlzY3Y2NC0xLjMuNC50Z3oiLAogICAgICAiaW50ZWdyaXR5IjogInNoYTUxMi1hSGtrSUVIUFJkUUVlZ0pOMjBNTGd0eFlEOVIyd1FyM0N3cGRkbnU1K1lLTXQ2VXpheDdTOWg1Z3BaVG84d3lyR3VaU2xmUTYzT2V2TDVtVHlPQzdRPT0iLAogICAgICAiY3B1IjogWwogICAgICAgICJyaXNjdjY0IgogICAgICBdLAogICAgICAib3B0aW9uYWwiOiB0cnVlLAogICAgICAib3MiOiBbCiAgICAgICAgImxpbnV4IgogICAgICBdLAogICAgICAiZnVuZGluZyI6IHsKICAgICAgICAidXJsIjogImh0dHBzOi8vb3BlbmNvbGxlY3RpdmUuY29tL2xpYnZpcHMiCiAgICAgIH0KICAgIH0sCiAgICAibm9kZV9tb2R1bGVzL0BpbWcvc2hhcnAtbGludXgtc3M5MHgiOiB7CiAgICAgICJ2ZXJzaW9uIjogIjAuMzUuNSIsCiAgICAgICJyZXNvbHZlZCI6ICJodHRwczovL3JlZ2lzdHJ5Lm5wbWpzLm9yZy9AaW1nL3NoYXJwLWxpbnV4LXMzOTB4Ly0vc2hhcnAtbGludXgtczM5MHgtMC4zNS41LnRneiIsCiAgICAgICJpbnRlZ3JpdHkiOiAic2hhNTEyLVVaYXNUT0ZpWXpvdFRTR09DdTQyQmZVejx; INVALID